// !$*UTF8*$!
{
	archiveVersion = 1;
	classes = {
	};
	objectVersion = 51;
	objects = {

/* Begin PBXBuildFile section */
		4D32D0420A7E6B9D52686BBD /* Pods_RestudyScheduler.framework in Frameworks */ = {isa = PBXBuildFile; fileRef = 79955E99C78CF43C9E1751BB /* Pods_RestudyScheduler.framework */; };
		95540F81249F77550074B768 /* InputViewController.swift in Sources */ = {isa = PBXBuildFile; fileRef = 95540F80249F77550074B768 /* InputViewController.swift */; };
		9560B3E6249705C600ED8856 /* AppDelegate.swift in Sources */ = {isa = PBXBuildFile; fileRef = 9560B3E5249705C600ED8856 /* AppDelegate.swift */; };
		9560B3E8249705C600ED8856 /* SceneDelegate.swift in Sources */ = {isa = PBXBuildFile; fileRef = 9560B3E7249705C600ED8856 /* SceneDelegate.swift */; };
		9560B3ED249705C600ED8856 /* Main.storyboard in Resources */ = {isa = PBXBuildFile; fileRef = 9560B3EB249705C600ED8856 /* Main.storyboard */; };
		9560B3EF249705C900ED8856 /* Assets.xcassets in Resources */ = {isa = PBXBuildFile; fileRef = 9560B3EE249705C900ED8856 /* Assets.xcassets */; };
		9560B3F2249705C900ED8856 /* LaunchScreen.storyboard in Resources */ = {isa = PBXBuildFile; fileRef = 9560B3F0249705C900ED8856 /* LaunchScreen.storyboard */; };
		9560B3FA2497436600ED8856 /* Study.swift in Sources */ = {isa = PBXBuildFile; fileRef = 9560B3F92497436600ED8856 /* Study.swift */; };
		9560B3FC24974D2400ED8856 /* ListViewController.swift in Sources */ = {isa = PBXBuildFile; fileRef = 9560B3FB24974D2400ED8856 /* ListViewController.swift */; };
		9560B3FE2497667900ED8856 /* DetailViewController.swift in Sources */ = {isa = PBXBuildFile; fileRef = 9560B3FD2497667900ED8856 /* DetailViewController.swift */; };
		958C0D9E249791E600360500 /* CommonMethods.swift in Sources */ = {isa = PBXBuildFile; fileRef = 958C0D9D249791E600360500 /* CommonMethods.swift */; };
		95CAA34B24A18E2D001B5B9A /* Settings.bundle in Resources */ = {isa = PBXBuildFile; fileRef = 95CAA34A24A18E2D001B5B9A /* Settings.bundle */; };
		95D4578D24A84D0400C5466E /* AboutViewController.swift in Sources */ = {isa = PBXBuildFile; fileRef = 95D4578C24A84D0400C5466E /* AboutViewController.swift */; };
		95D457C924A9870300C5466E /* RestudySchedulerTests.swift in Sources */ = {isa = PBXBuildFile; fileRef = 95D457C824A9870300C5466E /* RestudySchedulerTests.swift */; };
		95D457E724AA00BD00C5466E /* RestudySchedulerUITests.swift in Sources */ = {isa = PBXBuildFile; fileRef = 95D457E624AA00BD00C5466E /* RestudySchedulerUITests.swift */; };
		95FA3AF124A32AFF00E1876B /* MyTabBarController.swift in Sources */ = {isa = PBXBuildFile; fileRef = 95FA3AF024A32AFF00E1876B /* MyTabBarController.swift */; };
		95FA3AF324A32C6700E1876B /* MyUINavigationController.swift in Sources */ = {isa = PBXBuildFile; fileRef = 95FA3AF224A32C6700E1876B /* MyUINavigationController.swift */; };
/* End PBXBuildFile section */

/* Begin PBXContainerItemProxy section */
		95D457CB24A9870300C5466E /* PBXContainerItemProxy */ = {
			isa = PBXContainerItemProxy;
			containerPortal = 9560B3DA249705C600ED8856 /* Project object */;
			proxyType = 1;
			remoteGlobalIDString = 9560B3E1249705C600ED8856;
			remoteInfo = RestudyScheduler;
		};
		95D457E924AA00BD00C5466E /* PBXContainerItemProxy */ = {
			isa = PBXContainerItemProxy;
			containerPortal = 9560B3DA249705C600ED8856 /* Project object */;
			proxyType = 1;
			remoteGlobalIDString = 9560B3E1249705C600ED8856;
			remoteInfo = RestudyScheduler;
		};
/* End PBXContainerItemProxy section */

/* Begin PBXFileReference section */
		04D8B5A8590464BC4FD0BA10 /* Pods-RestudyScheduler.debug.xcconfig */ = {isa = PBXFileReference; includeInIndex = 1; lastKnownFileType = text.xcconfig; name = "Pods-RestudyScheduler.debug.xcconfig"; path = "Target Support Files/Pods-RestudyScheduler/Pods-RestudyScheduler.debug.xcconfig"; sourceTree = "<group>"; };
		79955E99C78CF43C9E1751BB /* Pods_RestudyScheduler.framework */ = {isa = PBXFileReference; explicitFileType = wrapper.framework; includeInIndex = 0; path = Pods_RestudyScheduler.framework; sourceTree = BUILT_PRODUCTS_DIR; };
		95540F80249F77550074B768 /* InputViewController.swift */ = {isa = PBXFileReference; lastKnownFileType = sourcecode.swift; path = InputViewController.swift; sourceTree = "<group>"; };
		9560B3E2249705C600ED8856 /* RestudyScheduler.app */ = {isa = PBXFileReference; explicitFileType = wrapper.application; includeInIndex = 0; path = RestudyScheduler.app; sourceTree = BUILT_PRODUCTS_DIR; };
		9560B3E5249705C600ED8856 /* AppDelegate.swift */ = {isa = PBXFileReference; lastKnownFileType = sourcecode.swift; path = AppDelegate.swift; sourceTree = "<group>"; };
		9560B3E7249705C600ED8856 /* SceneDelegate.swift */ = {isa = PBXFileReference; lastKnownFileType = sourcecode.swift; path = SceneDelegate.swift; sourceTree = "<group>"; };
		9560B3EC249705C600ED8856 /* Base */ = {isa = PBXFileReference; lastKnownFileType = file.storyboard; name = Base; path = Base.lproj/Main.storyboard; sourceTree = "<group>"; };
		9560B3EE249705C900ED8856 /* Assets.xcassets */ = {isa = PBXFileReference; lastKnownFileType = folder.assetcatalog; path = Assets.xcassets; sourceTree = "<group>"; };
		9560B3F1249705C900ED8856 /* Base */ = {isa = PBXFileReference; lastKnownFileType = file.storyboard; name = Base; path = Base.lproj/LaunchScreen.storyboard; sourceTree = "<group>"; };
		9560B3F3249705C900ED8856 /* Info.plist */ = {isa = PBXFileReference; lastKnownFileType = text.plist.xml; path = Info.plist; sourceTree = "<group>"; };
		9560B3F92497436600ED8856 /* Study.swift */ = {isa = PBXFileReference; lastKnownFileType = sourcecode.swift; path = Study.swift; sourceTree = "<group>"; };
		9560B3FB24974D2400ED8856 /* ListViewController.swift */ = {isa = PBXFileReference; lastKnownFileType = sourcecode.swift; path = ListViewController.swift; sourceTree = "<group>"; };
		9560B3FD2497667900ED8856 /* DetailViewController.swift */ = {isa = PBXFileReference; lastKnownFileType = sourcecode.swift; path = DetailViewController.swift; sourceTree = "<group>"; };
		958C0D9D249791E600360500 /* CommonMethods.swift */ = {isa = PBXFileReference; lastKnownFileType = sourcecode.swift; path = CommonMethods.swift; sourceTree = "<group>"; };
		95CAA34A24A18E2D001B5B9A /* Settings.bundle */ = {isa = PBXFileReference; lastKnownFileType = "wrapper.plug-in"; path = Settings.bundle; sourceTree = "<group>"; };
		95D4578C24A84D0400C5466E /* AboutViewController.swift */ = {isa = PBXFileReference; lastKnownFileType = sourcecode.swift; path = AboutViewController.swift; sourceTree = "<group>"; };
		95D457C624A9870300C5466E /* RestudySchedulerTests.xctest */ = {isa = PBXFileReference; explicitFileType = wrapper.cfbundle; includeInIndex = 0; path = RestudySchedulerTests.xctest; sourceTree = BUILT_PRODUCTS_DIR; };
		95D457C824A9870300C5466E /* RestudySchedulerTests.swift */ = {isa = PBXFileReference; lastKnownFileType = sourcecode.swift; path = RestudySchedulerTests.swift; sourceTree = "<group>"; };
		95D457CA24A9870300C5466E /* Info.plist */ = {isa = PBXFileReference; lastKnownFileType = text.plist.xml; path = Info.plist; sourceTree = "<group>"; };
		95D457E424AA00BD00C5466E /* RestudySchedulerUITests.xctest */ = {isa = PBXFileReference; explicitFileType = wrapper.cfbundle; includeInIndex = 0; path = RestudySchedulerUITests.xctest; sourceTree = BUILT_PRODUCTS_DIR; };
		95D457E624AA00BD00C5466E /* RestudySchedulerUITests.swift */ = {isa = PBXFileReference; lastKnownFileType = sourcecode.swift; path = RestudySchedulerUITests.swift; sourceTree = "<group>"; };
		95D457E824AA00BD00C5466E /* Info.plist */ = {isa = PBXFileReference; lastKnownFileType = text.plist.xml; path = Info.plist; sourceTree = "<group>"; };
		95FA3AF024A32AFF00E1876B /* MyTabBarController.swift */ = {isa = PBXFileReference; lastKnownFileType = sourcecode.swift; path = MyTabBarController.swift; sourceTree = "<group>"; };
		95FA3AF224A32C6700E1876B /* MyUINavigationController.swift */ = {isa = PBXFileReference; lastKnownFileType = sourcecode.swift; path = MyUINavigationController.swift; sourceTree = "<group>"; };
		BCD935AC3F015A0DE52A094B /* Pods-RestudyScheduler.release.xcconfig */ = {isa = PBXFileReference; includeInIndex = 1; lastKnownFileType = text.xcconfig; name = "Pods-RestudyScheduler.release.xcconfig"; path = "Target Support Files/Pods-RestudyScheduler/Pods-RestudyScheduler.release.xcconfig"; sourceTree = "<group>"; };
/* End PBXFileReference section */

/* Begin PBXFrameworksBuildPhase section */
		9560B3DF249705C600ED8856 /* Frameworks */ = {
			isa = PBXFrameworksBuildPhase;
			buildActionMask = 2147483647;
			files = (
				4D32D0420A7E6B9D52686BBD /* Pods_RestudyScheduler.framework in Frameworks */,
			);
			runOnlyForDeploymentPostprocessing = 0;
		};
		95D457C324A9870300C5466E /* Frameworks */ = {
			isa = PBXFrameworksBuildPhase;
			buildActionMask = 2147483647;
			files = (
			);
			runOnlyForDeploymentPostprocessing = 0;
		};
		95D457E124AA00BD00C5466E /* Frameworks */ = {
			isa = PBXFrameworksBuildPhase;
			buildActionMask = 2147483647;
			files = (
			);
			runOnlyForDeploymentPostprocessing = 0;
		};
/* End PBXFrameworksBuildPhase section */

/* Begin PBXGroup section */
		139829ABF757E0DFFA232CD3 /* Frameworks */ = {
			isa = PBXGroup;
			children = (
				79955E99C78CF43C9E1751BB /* Pods_RestudyScheduler.framework */,
			);
			name = Frameworks;
			sourceTree = "<group>";
		};
		33226841917B4B451AD1A4D4 /* Pods */ = {
			isa = PBXGroup;
			children = (
				04D8B5A8590464BC4FD0BA10 /* Pods-RestudyScheduler.debug.xcconfig */,
				BCD935AC3F015A0DE52A094B /* Pods-RestudyScheduler.release.xcconfig */,
			);
			path = Pods;
			sourceTree = "<group>";
		};
		9560B3D9249705C600ED8856 = {
			isa = PBXGroup;
			children = (
				9560B3E4249705C600ED8856 /* RestudyScheduler */,
				95D457C724A9870300C5466E /* RestudySchedulerTests */,
				95D457E524AA00BD00C5466E /* RestudySchedulerUITests */,
				9560B3E3249705C600ED8856 /* Products */,
				33226841917B4B451AD1A4D4 /* Pods */,
				139829ABF757E0DFFA232CD3 /* Frameworks */,
			);
			sourceTree = "<group>";
		};
		9560B3E3249705C600ED8856 /* Products */ = {
			isa = PBXGroup;
			children = (
				9560B3E2249705C600ED8856 /* RestudyScheduler.app */,
				95D457C624A9870300C5466E /* RestudySchedulerTests.xctest */,
				95D457E424AA00BD00C5466E /* RestudySchedulerUITests.xctest */,
			);
			name = Products;
			sourceTree = "<group>";
		};
		9560B3E4249705C600ED8856 /* RestudyScheduler */ = {
			isa = PBXGroup;
			children = (
				9560B3E5249705C600ED8856 /* AppDelegate.swift */,
				9560B3E7249705C600ED8856 /* SceneDelegate.swift */,
				9560B3FF2497668600ED8856 /* View */,
				9560B3F92497436600ED8856 /* Study.swift */,
				958C0D9D249791E600360500 /* CommonMethods.swift */,
				9560B3EB249705C600ED8856 /* Main.storyboard */,
				9560B3EE249705C900ED8856 /* Assets.xcassets */,
				9560B3F0249705C900ED8856 /* LaunchScreen.storyboard */,
				9560B3F3249705C900ED8856 /* Info.plist */,
				95CAA34A24A18E2D001B5B9A /* Settings.bundle */,
				95FA3AF024A32AFF00E1876B /* MyTabBarController.swift */,
				95FA3AF224A32C6700E1876B /* MyUINavigationController.swift */,
			);
			path = RestudyScheduler;
			sourceTree = "<group>";
		};
		9560B3FF2497668600ED8856 /* View */ = {
			isa = PBXGroup;
			children = (
				95540F80249F77550074B768 /* InputViewController.swift */,
				9560B3FB24974D2400ED8856 /* ListViewController.swift */,
				9560B3FD2497667900ED8856 /* DetailViewController.swift */,
				95D4578C24A84D0400C5466E /* AboutViewController.swift */,
			);
			path = View;
			sourceTree = "<group>";
		};
		95D457C724A9870300C5466E /* RestudySchedulerTests */ = {
			isa = PBXGroup;
			children = (
				95D457C824A9870300C5466E /* RestudySchedulerTests.swift */,
				95D457CA24A9870300C5466E /* Info.plist */,
			);
			path = RestudySchedulerTests;
			sourceTree = "<group>";
		};
		95D457E524AA00BD00C5466E /* RestudySchedulerUITests */ = {
			isa = PBXGroup;
			children = (
				95D457E624AA00BD00C5466E /* RestudySchedulerUITests.swift */,
				95D457E824AA00BD00C5466E /* Info.plist */,
			);
			path = RestudySchedulerUITests;
			sourceTree = "<group>";
		};
/* End PBXGroup section */

/* Begin PBXNativeTarget section */
		9560B3E1249705C600ED8856 /* RestudyScheduler */ = {
			isa = PBXNativeTarget;
			buildConfigurationList = 9560B3F6249705C900ED8856 /* Build configuration list for PBXNativeTarget "RestudyScheduler" */;
			buildPhases = (
				DA275695E4CDF7655C61A90F /* [CP] Check Pods Manifest.lock */,
				9560B3DE249705C600ED8856 /* Sources */,
				9560B3DF249705C600ED8856 /* Frameworks */,
				9560B3E0249705C600ED8856 /* Resources */,
				9543DA4924A0AE9B00FD6387 /* ShellScript */,
				95B6CDC524A0B0010084B88C /* LicensePlist */,
				9166F9A9974B9DCDA108F35B /* [CP] Embed Pods Frameworks */,
			);
			buildRules = (
			);
			dependencies = (
			);
			name = RestudyScheduler;
			productName = RestudyScheduler;
			productReference = 9560B3E2249705C600ED8856 /* RestudyScheduler.app */;
			productType = "com.apple.product-type.application";
		};
		95D457C524A9870300C5466E /* RestudySchedulerTests */ = {
			isa = PBXNativeTarget;
			buildConfigurationList = 95D457CF24A9870300C5466E /* Build configuration list for PBXNativeTarget "RestudySchedulerTests" */;
			buildPhases = (
				95D457C224A9870300C5466E /* Sources */,
				95D457C324A9870300C5466E /* Frameworks */,
				95D457C424A9870300C5466E /* Resources */,
			);
			buildRules = (
			);
			dependencies = (
				95D457CC24A9870300C5466E /* PBXTargetDependency */,
			);
			name = RestudySchedulerTests;
			productName = RestudySchedulerTests;
			productReference = 95D457C624A9870300C5466E /* RestudySchedulerTests.xctest */;
			productType = "com.apple.product-type.bundle.unit-test";
		};
		95D457E324AA00BD00C5466E /* RestudySchedulerUITests */ = {
			isa = PBXNativeTarget;
			buildConfigurationList = 95D457ED24AA00BD00C5466E /* Build configuration list for PBXNativeTarget "RestudySchedulerUITests" */;
			buildPhases = (
				95D457E024AA00BD00C5466E /* Sources */,
				95D457E124AA00BD00C5466E /* Frameworks */,
				95D457E224AA00BD00C5466E /* Resources */,
			);
			buildRules = (
			);
			dependencies = (
				95D457EA24AA00BD00C5466E /* PBXTargetDependency */,
			);
			name = RestudySchedulerUITests;
			productName = RestudySchedulerUITests;
			productReference = 95D457E424AA00BD00C5466E /* RestudySchedulerUITests.xctest */;
			productType = "com.apple.product-type.bundle.ui-testing";
		};
/* End PBXNativeTarget section */

/* Begin PBXProject section */
		9560B3DA249705C600ED8856 /* Project object */ = {
			isa = PBXProject;
			attributes = {
				LastSwiftUpdateCheck = 1150;
				LastUpgradeCheck = 1140;
				ORGANIZATIONNAME = "Yuki Shinohara";
				TargetAttributes = {
					9560B3E1249705C600ED8856 = {
						CreatedOnToolsVersion = 11.4;
					};
					95D457C524A9870300C5466E = {
						CreatedOnToolsVersion = 11.5;
						TestTargetID = 9560B3E1249705C600ED8856;
					};
					95D457E324AA00BD00C5466E = {
						CreatedOnToolsVersion = 11.5;
						TestTargetID = 9560B3E1249705C600ED8856;
					};
				};
			};
			buildConfigurationList = 9560B3DD249705C600ED8856 /* Build configuration list for PBXProject "RestudyScheduler" */;
			compatibilityVersion = "Xcode 9.3";
			developmentRegion = en;
			hasScannedForEncodings = 0;
			knownRegions = (
				en,
				Base,
			);
			mainGroup = 9560B3D9249705C600ED8856;
			productRefGroup = 9560B3E3249705C600ED8856 /* Products */;
			projectDirPath = "";
			projectRoot = "";
			targets = (
				9560B3E1249705C600ED8856 /* RestudyScheduler */,
				95D457C524A9870300C5466E /* RestudySchedulerTests */,
				95D457E324AA00BD00C5466E /* RestudySchedulerUITests */,
			);
		};
/* End PBXProject section */

/* Begin PBXResourcesBuildPhase section */
		9560B3E0249705C600ED8856 /* Resources */ = {
			isa = PBXResourcesBuildPhase;
			buildActionMask = 2147483647;
			files = (
				95CAA34B24A18E2D001B5B9A /* Settings.bundle in Resources */,
				9560B3F2249705C900ED8856 /* LaunchScreen.storyboard in Resources */,
				9560B3EF249705C900ED8856 /* Assets.xcassets in Resources */,
				9560B3ED249705C600ED8856 /* Main.storyboard in Resources */,
			);
			runOnlyForDeploymentPostprocessing = 0;
		};
		95D457C424A9870300C5466E /* Resources */ = {
			isa = PBXResourcesBuildPhase;
			buildActionMask = 2147483647;
			files = (
			);
			runOnlyForDeploymentPostprocessing = 0;
		};
		95D457E224AA00BD00C5466E /* Resources */ = {
			isa = PBXResourcesBuildPhase;
			buildActionMask = 2147483647;
			files = (
			);
			runOnlyForDeploymentPostprocessing = 0;
		};
/* End PBXResourcesBuildPhase section */

/* Begin PBXShellScriptBuildPhase section */
		9166F9A9974B9DCDA108F35B /* [CP] Embed Pods Frameworks */ = {
			isa = PBXShellScriptBuildPhase;
			buildActionMask = 2147483647;
			files = (
			);
			inputFileListPaths = (
				"${PODS_ROOT}/Target Support Files/Pods-RestudyScheduler/Pods-RestudyScheduler-frameworks-${CONFIGURATION}-input-files.xcfilelist",
			);
			name = "[CP] Embed Pods Frameworks";
			outputFileListPaths = (
				"${PODS_ROOT}/Target Support Files/Pods-RestudyScheduler/Pods-RestudyScheduler-frameworks-${CONFIGURATION}-output-files.xcfilelist",
			);
			runOnlyForDeploymentPostprocessing = 0;
			shellPath = /bin/sh;
			shellScript = "\"${PODS_ROOT}/Target Support Files/Pods-RestudyScheduler/Pods-RestudyScheduler-frameworks.sh\"\n";
			showEnvVarsInLog = 0;
		};
		9543DA4924A0AE9B00FD6387 /* ShellScript */ = {
			isa = PBXShellScriptBuildPhase;
			buildActionMask = 12;
			files = (
			);
			inputFileListPaths = (
			);
			inputPaths = (
			);
			outputFileListPaths = (
			);
			outputPaths = (
			);
			runOnlyForDeploymentPostprocessing = 0;
			shellPath = /bin/sh;
			shellScript = "if [ $CONFIGURATION = \"Debug\" ]; then\n${PODS_ROOT}/LicensePlist/license-plist --output-path $PRODUCT_NAME/Settings.bundle\nfi\n";
		};
		95B6CDC524A0B0010084B88C /* LicensePlist */ = {
			isa = PBXShellScriptBuildPhase;
			buildActionMask = 2147483647;
			files = (
			);
			inputFileListPaths = (
			);
			inputPaths = (
			);
			name = LicensePlist;
			outputFileListPaths = (
			);
			outputPaths = (
			);
			runOnlyForDeploymentPostprocessing = 0;
			shellPath = /bin/sh;
			shellScript = "# Type a script or drag a script file from your workspace to insert its path.\nif [ $CONFIGURATION = \"Debug\" ]; then\n    ${PODS_ROOT}/LicensePlist/license-plist --output-path RestudyScheduler/Settings.bundle\nfi\n";
		};
		DA275695E4CDF7655C61A90F /* [CP] Check Pods Manifest.lock */ = {
			isa = PBXShellScriptBuildPhase;
			buildActionMask = 2147483647;
			files = (
			);
			inputFileListPaths = (
			);
			inputPaths = (
				"${PODS_PODFILE_DIR_PATH}/Podfile.lock",
				"${PODS_ROOT}/Manifest.lock",
			);
			name = "[CP] Check Pods Manifest.lock";
			outputFileListPaths = (
			);
			outputPaths = (
				"$(DERIVED_FILE_DIR)/Pods-RestudyScheduler-checkManifestLockResult.txt",
			);
			runOnlyForDeploymentPostprocessing = 0;
			shellPath = /bin/sh;
			shellScript = "diff \"${PODS_PODFILE_DIR_PATH}/Podfile.lock\" \"${PODS_ROOT}/Manifest.lock\" > /dev/null\nif [ $? != 0 ] ; then\n    # print error to STDERR\n    echo \"error: The sandbox is not in sync with the Podfile.lock. Run 'pod install' or update your CocoaPods installation.\" >&2\n    exit 1\nfi\n# This output is used by Xcode 'outputs' to avoid re-running this script phase.\necho \"SUCCESS\" > \"${SCRIPT_OUTPUT_FILE_0}\"\n";
			showEnvVarsInLog = 0;
		};
/* End PBXShellScriptBuildPhase section */

/* Begin PBXSourcesBuildPhase section */
		9560B3DE249705C600ED8856 /* Sources */ = {
			isa = PBXSourcesBuildPhase;
			buildActionMask = 2147483647;
			files = (
				9560B3E6249705C600ED8856 /* AppDelegate.swift in Sources */,
				95FA3AF124A32AFF00E1876B /* MyTabBarController.swift in Sources */,
				9560B3E8249705C600ED8856 /* SceneDelegate.swift in Sources */,
				95540F81249F77550074B768 /* InputViewController.swift in Sources */,
				9560B3FE2497667900ED8856 /* DetailViewController.swift in Sources */,
				95FA3AF324A32C6700E1876B /* MyUINavigationController.swift in Sources */,
				9560B3FC24974D2400ED8856 /* ListViewController.swift in Sources */,
				958C0D9E249791E600360500 /* CommonMethods.swift in Sources */,
				95D4578D24A84D0400C5466E /* AboutViewController.swift in Sources */,
				9560B3FA2497436600ED8856 /* Study.swift in Sources */,
			);
			runOnlyForDeploymentPostprocessing = 0;
		};
		95D457C224A9870300C5466E /* Sources */ = {
			isa = PBXSourcesBuildPhase;
			buildActionMask = 2147483647;
			files = (
				95D457C924A9870300C5466E /* RestudySchedulerTests.swift in Sources */,
			);
			runOnlyForDeploymentPostprocessing = 0;
		};
		95D457E024AA00BD00C5466E /* Sources */ = {
			isa = PBXSourcesBuildPhase;
			buildActionMask = 2147483647;
			files = (
				95D457E724AA00BD00C5466E /* RestudySchedulerUITests.swift in Sources */,
			);
			runOnlyForDeploymentPostprocessing = 0;
		};
/* End PBXSourcesBuildPhase section */

/* Begin PBXTargetDependency section */
		95D457CC24A9870300C5466E /* PBXTargetDependency */ = {
			isa = PBXTargetDependency;
			target = 9560B3E1249705C600ED8856 /* RestudyScheduler */;
			targetProxy = 95D457CB24A9870300C5466E /* PBXContainerItemProxy */;
		};
		95D457EA24AA00BD00C5466E /* PBXTargetDependency */ = {
			isa = PBXTargetDependency;
			target = 9560B3E1249705C600ED8856 /* RestudyScheduler */;
			targetProxy = 95D457E924AA00BD00C5466E /* PBXContainerItemProxy */;
		};
/* End PBXTargetDependency section */

/* Begin PBXVariantGroup section */
		9560B3EB249705C600ED8856 /* Main.storyboard */ = {
			isa = PBXVariantGroup;
			children = (
				9560B3EC249705C600ED8856 /* Base */,
			);
			name = Main.storyboard;
			sourceTree = "<group>";
		};
		9560B3F0249705C900ED8856 /* LaunchScreen.storyboard */ = {
			isa = PBXVariantGroup;
			children = (
				9560B3F1249705C900ED8856 /* Base */,
			);
			name = LaunchScreen.storyboard;
			sourceTree = "<group>";
		};
/* End PBXVariantGroup section */

/* Begin XCBuildConfiguration section */
		9560B3F4249705C900ED8856 /* Debug */ = {
			isa = XCBuildConfiguration;
			buildSettings = {
				ALWAYS_SEARCH_USER_PATHS = NO;
				CLANG_ANALYZER_NONNULL = YES;
				CLANG_ANALYZER_NUMBER_OBJECT_CONVERSION = YES_AGGRESSIVE;
				CLANG_CXX_LANGUAGE_STANDARD = "gnu++14";
				CLANG_CXX_LIBRARY = "libc++";
				CLANG_ENABLE_MODULES = YES;
				CLANG_ENABLE_OBJC_ARC = YES;
				CLANG_ENABLE_OBJC_WEAK = YES;
				CLANG_WARN_BLOCK_CAPTURE_AUTORELEASING = YES;
				CLANG_WARN_BOOL_CONVERSION = YES;
				CLANG_WARN_COMMA = YES;
				CLANG_WARN_CONSTANT_CONVERSION = YES;
				CLANG_WARN_DEPRECATED_OBJC_IMPLEMENTATIONS = YES;
				CLANG_WARN_DIRECT_OBJC_ISA_USAGE = YES_ERROR;
				CLANG_WARN_DOCUMENTATION_COMMENTS = YES;
				CLANG_WARN_EMPTY_BODY = YES;
				CLANG_WARN_ENUM_CONVERSION = YES;
				CLANG_WARN_INFINITE_RECURSION = YES;
				CLANG_WARN_INT_CONVERSION = YES;
				CLANG_WARN_NON_LITERAL_NULL_CONVERSION = YES;
				CLANG_WARN_OBJC_IMPLICIT_RETAIN_SELF = YES;
				CLANG_WARN_OBJC_LITERAL_CONVERSION = YES;
				CLANG_WARN_OBJC_ROOT_CLASS = YES_ERROR;
				CLANG_WARN_RANGE_LOOP_ANALYSIS = YES;
				CLANG_WARN_STRICT_PROTOTYPES = YES;
				CLANG_WARN_SUSPICIOUS_MOVE = YES;
				CLANG_WARN_UNGUARDED_AVAILABILITY = YES_AGGRESSIVE;
				CLANG_WARN_UNREACHABLE_CODE = YES;
				CLANG_WARN__DUPLICATE_METHOD_MATCH = YES;
				COPY_PHASE_STRIP = NO;
				DEBUG_INFORMATION_FORMAT = dwarf;
				ENABLE_STRICT_OBJC_MSGSEND = YES;
				ENABLE_TESTABILITY = YES;
				GCC_C_LANGUAGE_STANDARD = gnu11;
				GCC_DYNAMIC_NO_PIC = NO;
				GCC_NO_COMMON_BLOCKS = YES;
				GCC_OPTIMIZATION_LEVEL = 0;
				GCC_PREPROCESSOR_DEFINITIONS = (
					"DEBUG=1",
					"$(inherited)",
				);
				GCC_WARN_64_TO_32_BIT_CONVERSION = YES;
				GCC_WARN_ABOUT_RETURN_TYPE = YES_ERROR;
				GCC_WARN_UNDECLARED_SELECTOR = YES;
				GCC_WARN_UNINITIALIZED_AUTOS = YES_AGGRESSIVE;
				GCC_WARN_UNUSED_FUNCTION = YES;
				GCC_WARN_UNUSED_VARIABLE = YES;
				IPHONEOS_DEPLOYMENT_TARGET = 13.4;
				MTL_ENABLE_DEBUG_INFO = INCLUDE_SOURCE;
				MTL_FAST_MATH = YES;
				ONLY_ACTIVE_ARCH = YES;
				SDKROOT = iphoneos;
				SWIFT_ACTIVE_COMPILATION_CONDITIONS = DEBUG;
				SWIFT_OPTIMIZATION_LEVEL = "-Onone";
			};
			name = Debug;
		};
		9560B3F5249705C900ED8856 /* Release */ = {
			isa = XCBuildConfiguration;
			buildSettings = {
				ALWAYS_SEARCH_USER_PATHS = NO;
				CLANG_ANALYZER_NONNULL = YES;
				CLANG_ANALYZER_NUMBER_OBJECT_CONVERSION = YES_AGGRESSIVE;
				CLANG_CXX_LANGUAGE_STANDARD = "gnu++14";
				CLANG_CXX_LIBRARY = "libc++";
				CLANG_ENABLE_MODULES = YES;
				CLANG_ENABLE_OBJC_ARC = YES;
				CLANG_ENABLE_OBJC_WEAK = YES;
				CLANG_WARN_BLOCK_CAPTURE_AUTORELEASING = YES;
				CLANG_WARN_BOOL_CONVERSION = YES;
				CLANG_WARN_COMMA = YES;
				CLANG_WARN_CONSTANT_CONVERSION = YES;
				CLANG_WARN_DEPRECATED_OBJC_IMPLEMENTATIONS = YES;
				CLANG_WARN_DIRECT_OBJC_ISA_USAGE = YES_ERROR;
				CLANG_WARN_DOCUMENTATION_COMMENTS = YES;
				CLANG_WARN_EMPTY_BODY = YES;
				CLANG_WARN_ENUM_CONVERSION = YES;
				CLANG_WARN_INFINITE_RECURSION = YES;
				CLANG_WARN_INT_CONVERSION = YES;
				CLANG_WARN_NON_LITERAL_NULL_CONVERSION = YES;
				CLANG_WARN_OBJC_IMPLICIT_RETAIN_SELF = YES;
				CLANG_WARN_OBJC_LITERAL_CONVERSION = YES;
				CLANG_WARN_OBJC_ROOT_CLASS = YES_ERROR;
				CLANG_WARN_RANGE_LOOP_ANALYSIS = YES;
				CLANG_WARN_STRICT_PROTOTYPES = YES;
				CLANG_WARN_SUSPICIOUS_MOVE = YES;
				CLANG_WARN_UNGUARDED_AVAILABILITY = YES_AGGRESSIVE;
				CLANG_WARN_UNREACHABLE_CODE = YES;
				CLANG_WARN__DUPLICATE_METHOD_MATCH = YES;
				COPY_PHASE_STRIP = NO;
				DEBUG_INFORMATION_FORMAT = "dwarf-with-dsym";
				ENABLE_NS_ASSERTIONS = NO;
				ENABLE_STRICT_OBJC_MSGSEND = YES;
				GCC_C_LANGUAGE_STANDARD = gnu11;
				GCC_NO_COMMON_BLOCKS = YES;
				GCC_WARN_64_TO_32_BIT_CONVERSION = YES;
				GCC_WARN_ABOUT_RETURN_TYPE = YES_ERROR;
				GCC_WARN_UNDECLARED_SELECTOR = YES;
				GCC_WARN_UNINITIALIZED_AUTOS = YES_AGGRESSIVE;
				GCC_WARN_UNUSED_FUNCTION = YES;
				GCC_WARN_UNUSED_VARIABLE = YES;
				IPHONEOS_DEPLOYMENT_TARGET = 13.4;
				MTL_ENABLE_DEBUG_INFO = NO;
				MTL_FAST_MATH = YES;
				SDKROOT = iphoneos;
				SWIFT_COMPILATION_MODE = wholemodule;
				SWIFT_OPTIMIZATION_LEVEL = "-O";
				VALIDATE_PRODUCT = YES;
			};
			name = Release;
		};
		9560B3F7249705C900ED8856 /* Debug */ = {
			isa = XCBuildConfiguration;
			baseConfigurationReference = 04D8B5A8590464BC4FD0BA10 /* Pods-RestudyScheduler.debug.xcconfig */;
			buildSettings = {
				ASSETCATALOG_COMPILER_APPICON_NAME = AppIcon;
				CODE_SIGN_STYLE = Automatic;
				DEVELOPMENT_TEAM = 7RFPAQ2NAA;
				INFOPLIST_FILE = RestudyScheduler/Info.plist;
				LD_RUNPATH_SEARCH_PATHS = (
					"$(inherited)",
					"@executable_path/Frameworks",
				);
				MARKETING_VERSION = 1.0.0;
				PRODUCT_BUNDLE_IDENTIFIER = com.shino.RestudyScheduler2;
				PRODUCT_NAME = "$(TARGET_NAME)";
				SWIFT_VERSION = 5.0;
				TARGETED_DEVICE_FAMILY = "1,2";
			};
			name = Debug;
		};
		9560B3F8249705C900ED8856 /* Release */ = {
			isa = XCBuildConfiguration;
			baseConfigurationReference = BCD935AC3F015A0DE52A094B /* Pods-RestudyScheduler.release.xcconfig */;
			buildSettings = {
				ASSETCATALOG_COMPILER_APPICON_NAME = AppIcon;
				CODE_SIGN_STYLE = Automatic;
				DEVELOPMENT_TEAM = 7RFPAQ2NAA;
				INFOPLIST_FILE = RestudyScheduler/Info.plist;
				LD_RUNPATH_SEARCH_PATHS = (
					"$(inherited)",
					"@executable_path/Frameworks",
				);
				MARKETING_VERSION = 1.0.0;
				PRODUCT_BUNDLE_IDENTIFIER = com.shino.RestudyScheduler2;
				PRODUCT_NAME = "$(TARGET_NAME)";
				SWIFT_VERSION = 5.0;
				TARGETED_DEVICE_FAMILY = "1,2";
			};
			name = Release;
		};
		95D457CD24A9870300C5466E /* Debug */ = {
			isa = XCBuildConfiguration;
			buildSettings = {
				BUNDLE_LOADER = "$(TEST_HOST)";
				CODE_SIGN_STYLE = Automatic;
				DEVELOPMENT_TEAM = 7RFPAQ2NAA;
				INFOPLIST_FILE = RestudySchedulerTests/Info.plist;
				IPHONEOS_DEPLOYMENT_TARGET = 13.5;
				LD_RUNPATH_SEARCH_PATHS = (
					"$(inherited)",
					"@executable_path/Frameworks",
					"@loader_path/Frameworks",
				);
				PRODUCT_BUNDLE_IDENTIFIER = com.shino.RestudySchedulerTests;
				PRODUCT_NAME = "$(TARGET_NAME)";
				SWIFT_VERSION = 5.0;
				TARGETED_DEVICE_FAMILY = "1,2";
				TEST_HOST = "$(BUILT_PRODUCTS_DIR)/RestudyScheduler.app/RestudyScheduler";
			};
			name = Debug;
		};
		95D457CE24A9870300C5466E /* Release */ = {
			isa = XCBuildConfiguration;
			buildSettings = {
				BUNDLE_LOADER = "$(TEST_HOST)";
				CODE_SIGN_STYLE = Automatic;
				DEVELOPMENT_TEAM = 7RFPAQ2NAA;
				INFOPLIST_FILE = RestudySchedulerTests/Info.plist;
				IPHONEOS_DEPLOYMENT_TARGET = 13.5;
				LD_RUNPATH_SEARCH_PATHS = (
					"$(inherited)",
					"@executable_path/Frameworks",
					"@loader_path/Frameworks",
				);
				PRODUCT_BUNDLE_IDENTIFIER = com.shino.RestudySchedulerTests;
				PRODUCT_NAME = "$(TARGET_NAME)";
				SWIFT_VERSION = 5.0;
				TARGETED_DEVICE_FAMILY = "1,2";
				TEST_HOST = "$(BUILT_PRODUCTS_DIR)/RestudyScheduler.app/RestudyScheduler";
			};
			name = Release;
		};
		95D457EB24AA00BD00C5466E /* Debug */ = {
			isa = XCBuildConfiguration;
			buildSettings = {
				CODE_SIGN_STYLE = Automatic;
				DEVELOPMENT_TEAM = 7RFPAQ2NAA;
				INFOPLIST_FILE = RestudySchedulerUITests/Info.plist;
				IPHONEOS_DEPLOYMENT_TARGET = 13.5;
				LD_RUNPATH_SEARCH_PATHS = (
					"$(inherited)",
					"@executable_path/Frameworks",
					"@loader_path/Frameworks",
				);
				PRODUCT_BUNDLE_IDENTIFIER = com.shino.RestudySchedulerUITests;
				PRODUCT_NAME = "$(TARGET_NAME)";
				SWIFT_VERSION = 5.0;
				TARGETED_DEVICE_FAMILY = "1,2";
				TEST_TARGET_NAME = RestudyScheduler;
			};
			name = Debug;
		};
		95D457EC24AA00BD00C5466E /* Release */ = {
			isa = XCBuildConfiguration;
			buildSettings = {
				CODE_SIGN_STYLE = Automatic;
				DEVELOPMENT_TEAM = 7RFPAQ2NAA;
				INFOPLIST_FILE = RestudySchedulerUITests/Info.plist;
				IPHONEOS_DEPLOYMENT_TARGET = 13.5;
				LD_RUNPATH_SEARCH_PATHS = (
					"$(inherited)",
					"@executable_path/Frameworks",
					"@loader_path/Frameworks",
				);
				PRODUCT_BUNDLE_IDENTIFIER = com.shino.RestudySchedulerUITests;
				PRODUCT_NAME = "$(TARGET_NAME)";
				SWIFT_VERSION = 5.0;
				TARGETED_DEVICE_FAMILY = "1,2";
				TEST_TARGET_NAME = RestudyScheduler;
			};
			name = Release;
		};
/* End XCBuildConfiguration section */

/* Begin XCConfigurationList section */
		9560B3DD249705C600ED8856 /* Build configuration list for PBXProject "RestudyScheduler" */ = {
			isa = XCConfigurationList;
			buildConfigurations = (
				9560B3F4249705C900ED8856 /* Debug */,
				9560B3F5249705C900ED8856 /* Release */,
			);
			defaultConfigurationIsVisible = 0;
			defaultConfigurationName = Release;
		};
		9560B3F6249705C900ED8856 /* Build configuration list for PBXNativeTarget "RestudyScheduler" */ = {
			isa = XCConfigurationList;
			buildConfigurations = (
				9560B3F7249705C900ED8856 /* Debug */,
				9560B3F8249705C900ED8856 /* Release */,
			);
			defaultConfigurationIsVisible = 0;
			defaultConfigurationName = Release;
		};
		95D457CF24A9870300C5466E /* Build configuration list for PBXNativeTarget "RestudySchedulerTests" */ = {
			isa = XCConfigurationList;
			buildConfigurations = (
				95D457CD24A9870300C5466E /* Debug */,
				95D457CE24A9870300C5466E /* Release */,
			);
			defaultConfigurationIsVisible = 0;
			defaultConfigurationName = Release;
		};
		95D457ED24AA00BD00C5466E /* Build configuration list for PBXNativeTarget "RestudySchedulerUITests" */ = {
			isa = XCConfigurationList;
			buildConfigurations = (
				95D457EB24AA00BD00C5466E /* Debug */,
				95D457EC24AA00BD00C5466E /* Release */,
			);
			defaultConfigurationIsVisible = 0;
			defaultConfigurationName = Release;
		};
/* End XCConfigurationList section */
	};
	rootObject = 9560B3DA249705C600ED8856 /* Project object */;
}
